
Microsoft Visual Studio Solution File, Format Version 12.00
# Visual Studio Version 17
VisualStudioVersion = 17.7.34003.232
MinimumVisualStudioVersion = 10.0.40219.1
Project("{FAE04EC0-301F-11D3-BF4B-00C04F79EFBC}") = "empleados", "empleados.csproj", "{F1146747-AA88-4FE8-9289-A6D1D46B96E3}"
EndProject
Global
	GlobalSection(SolutionConfigurationPlatforms) = preSolution
		Debug|Any CPU = Debug|Any CPU
		Release|Any CPU = Release|Any CPU
	EndGlobalSection
	GlobalSection(ProjectConfigurationPlatforms) = postSolution
		{F1146747-AA88-4FE8-9289-A6D1D46B96E3}.Debug|Any CPU.ActiveCfg = Debug|Any CPU
		{F1146747-AA88-4FE8-9289-A6D1D46B96E3}.Debug|Any CPU.Build.0 = Debug|Any CPU
		{F1146747-AA88-4FE8-9289-A6D1D46B96E3}.Release|Any CPU.ActiveCfg = Release|Any CPU
		{F1146747-AA88-4FE8-9289-A6D1D46B96E3}.Release|Any CPU.Build.0 = Release|Any CPU
	EndGlobalSection
	GlobalSection(SolutionProperties) = preSolution
		HideSolutionNode = FALSE
	EndGlobalSection
	GlobalSection(ExtensibilityGlobals) = postSolution
		SolutionGuid = {805893E2-B3C2-486F-BCC7-1829EB58D59F}
	EndGlobalSection
EndGlobal
